{
  "object": {
    "pins": [
      {
        "package": "Alamofire",
        "repositoryURL": "https://github.com/Alamofire/Alamofire.git",
        "state": {
          "branch": null,
          "revision": "75bba56748359f297a83f620d45f72cf4ebee4e7",
          "version": "4.8.2"
        }
      },
      {
        "package": "GithubManager",
        "repositoryURL": "https://github.com/oleg82/GithubManager.git",
        "state": {
          "branch": null,
          "revision": "a13ab53ac86823e7ecadd180fe2f208e4728753e",
          "version": "1.0.1"
        }
      }
    ]
  },
  "version": 1
}
